// !$*UTF8*$!
{
	archiveVersion = 1;
	classes = {
	};
	objectVersion = 46;
	objects = {

/* Begin PBXBuildFile section */
		FB0CB41D1D08BBBA00125716 /* IDCaptureSessionAssetWriterCoordinator.m in Sources */ = {isa = PBXBuildFile; fileRef = FB0CB4181D08BBBA00125716 /* IDCaptureSessionAssetWriterCoordinator.m */; };
		FB0CB41E1D08BBBA00125716 /* IDAssetWriterCoordinator.m in Sources */ = {isa = PBXBuildFile; fileRef = FB0CB41A1D08BBBA00125716 /* IDAssetWriterCoordinator.m */; };
		FB0D9D571D0622DA0024CDC4 /* main.m in Sources */ = {isa = PBXBuildFile; fileRef = FB0D9D561D0622DA0024CDC4 /* main.m */; };
		FB0D9D5A1D0622DA0024CDC4 /* AppDelegate.m in Sources */ = {isa = PBXBuildFile; fileRef = FB0D9D591D0622DA0024CDC4 /* AppDelegate.m */; };
		FB0D9D5D1D0622DA0024CDC4 /* ViewController.m in Sources */ = {isa = PBXBuildFile; fileRef = FB0D9D5C1D0622DA0024CDC4 /* ViewController.m */; };
		FB0D9D601D0622DA0024CDC4 /* Main.storyboard in Resources */ = {isa = PBXBuildFile; fileRef = FB0D9D5E1D0622DA0024CDC4 /* Main.storyboard */; };
		FB0D9D621D0622DA0024CDC4 /* Assets.xcassets in Resources */ = {isa = PBXBuildFile; fileRef = FB0D9D611D0622DA0024CDC4 /* Assets.xcassets */; };
		FB0D9D651D0622DA0024CDC4 /* LaunchScreen.storyboard in Resources */ = {isa = PBXBuildFile; fileRef = FB0D9D631D0622DA0024CDC4 /* LaunchScreen.storyboard */; };
		FB1500A01D2C635100DB2251 /* RecordTimer.m in Sources */ = {isa = PBXBuildFile; fileRef = FB15009F1D2C635100DB2251 /* RecordTimer.m */; };
		FB35E0AE1D21FAA8001F1F55 /* green@2x.png in Resources */ = {isa = PBXBuildFile; fileRef = FB35E0AC1D21FAA8001F1F55 /* green@2x.png */; };
		FB35E0AF1D21FAA8001F1F55 /* red@2x.png in Resources */ = {isa = PBXBuildFile; fileRef = FB35E0AD1D21FAA8001F1F55 /* red@2x.png */; };
		FB4BAA7B1D2F6DCD0063E2A7 /* JPSVolumeButtonHandler.m in Sources */ = {isa = PBXBuildFile; fileRef = FB4BAA7A1D2F6DCD0063E2A7 /* JPSVolumeButtonHandler.m */; };
		FB6EDDB71D1B4731008410FD /* TPGeocoder.m in Sources */ = {isa = PBXBuildFile; fileRef = FB6EDDB61D1B4731008410FD /* TPGeocoder.m */; };
		FB6EDDB91D1B6221008410FD /* send@2x.png in Resources */ = {isa = PBXBuildFile; fileRef = FB6EDDB81D1B6221008410FD /* send@2x.png */; };
		FB6EDDC31D1B70E5008410FD /* check@2x.png in Resources */ = {isa = PBXBuildFile; fileRef = FB6EDDC21D1B70E5008410FD /* check@2x.png */; };
		FB6EDDC71D1B87C7008410FD /* chevron@2x.png in Resources */ = {isa = PBXBuildFile; fileRef = FB6EDDC61D1B87C7008410FD /* chevron@2x.png */; };
		FB6EDDC91D1B8F09008410FD /* close@2x.png in Resources */ = {isa = PBXBuildFile; fileRef = FB6EDDC81D1B8F09008410FD /* close@2x.png */; };
		FB6EDDCB1D1B9061008410FD /* x@2x.png in Resources */ = {isa = PBXBuildFile; fileRef = FB6EDDCA1D1B9061008410FD /* x@2x.png */; };
		FB8705681D07C50C00336D82 /* record@2x.png in Resources */ = {isa = PBXBuildFile; fileRef = FB8705671D07C50C00336D82 /* record@2x.png */; };
		FBF38E0C1D1092A100F7D881 /* AudioToolbox.framework in Frameworks */ = {isa = PBXBuildFile; fileRef = FBF38E0A1D1092A100F7D881 /* AudioToolbox.framework */; };
		FBF38E0D1D1092A100F7D881 /* AVFoundation.framework in Frameworks */ = {isa = PBXBuildFile; fileRef = FBF38E0B1D1092A100F7D881 /* AVFoundation.framework */; };
		FBF38E101D10D00300F7D881 /* PreviewViewController.m in Sources */ = {isa = PBXBuildFile; fileRef = FBF38E0F1D10D00300F7D881 /* PreviewViewController.m */; };
/* End PBXBuildFile section */

/* Begin PBXFileReference section */
		FB0CB4171D08BBBA00125716 /* IDCaptureSessionAssetWriterCoordinator.h */ = {isa = PBXFileReference; fileEncoding = 4; lastKnownFileType = sourcecode.c.h; path = IDCaptureSessionAssetWriterCoordinator.h; sourceTree = "<group>"; };
		FB0CB4181D08BBBA00125716 /* IDCaptureSessionAssetWriterCoordinator.m */ = {isa = PBXFileReference; fileEncoding = 4; lastKnownFileType = sourcecode.c.objc; path = IDCaptureSessionAssetWriterCoordinator.m; sourceTree = "<group>"; };
		FB0CB4191D08BBBA00125716 /* IDAssetWriterCoordinator.h */ = {isa = PBXFileReference; fileEncoding = 4; lastKnownFileType = sourcecode.c.h; path = IDAssetWriterCoordinator.h; sourceTree = "<group>"; };
		FB0CB41A1D08BBBA00125716 /* IDAssetWriterCoordinator.m */ = {isa = PBXFileReference; fileEncoding = 4; lastKnownFileType = sourcecode.c.objc; path = IDAssetWriterCoordinator.m; sourceTree = "<group>"; };
		FB0D9D521D0622DA0024CDC4 /* Teleport.app */ = {isa = PBXFileReference; explicitFileType = wrapper.application; includeInIndex = 0; path = Teleport.app; sourceTree = BUILT_PRODUCTS_DIR; };
		FB0D9D561D0622DA0024CDC4 /* main.m */ = {isa = PBXFileReference; lastKnownFileType = sourcecode.c.objc; path = main.m; sourceTree = "<group>"; };
		FB0D9D581D0622DA0024CDC4 /* AppDelegate.h */ = {isa = PBXFileReference; lastKnownFileType = sourcecode.c.h; path = AppDelegate.h; sourceTree = "<group>"; };
		FB0D9D591D0622DA0024CDC4 /* AppDelegate.m */ = {isa = PBXFileReference; lastKnownFileType = sourcecode.c.objc; path = AppDelegate.m; sourceTree = "<group>"; };
		FB0D9D5B1D0622DA0024CDC4 /* ViewController.h */ = {isa = PBXFileReference; lastKnownFileType = sourcecode.c.h; path = ViewController.h; sourceTree = "<group>"; };
		FB0D9D5C1D0622DA0024CDC4 /* ViewController.m */ = {isa = PBXFileReference; lastKnownFileType = sourcecode.c.objc; path = ViewController.m; sourceTree = "<group>"; };
		FB0D9D5F1D0622DA0024CDC4 /* Base */ = {isa = PBXFileReference; lastKnownFileType = file.storyboard; name = Base; path = Base.lproj/Main.storyboard; sourceTree = "<group>"; };
		FB0D9D611D0622DA0024CDC4 /* Assets.xcassets */ = {isa = PBXFileReference; lastKnownFileType = folder.assetcatalog; path = Assets.xcassets; sourceTree = "<group>"; };
		FB0D9D641D0622DA0024CDC4 /* Base */ = {isa = PBXFileReference; lastKnownFileType = file.storyboard; name = Base; path = Base.lproj/LaunchScreen.storyboard; sourceTree = "<group>"; };
		FB0D9D661D0622DA0024CDC4 /* Info.plist */ = {isa = PBXFileReference; lastKnownFileType = text.plist.xml; path = Info.plist; sourceTree = "<group>"; };
		FB15009E1D2C635100DB2251 /* RecordTimer.h */ = {isa = PBXFileReference; fileEncoding = 4; lastKnownFileType = sourcecode.c.h; path = RecordTimer.h; sourceTree = "<group>"; };
		FB15009F1D2C635100DB2251 /* RecordTimer.m */ = {isa = PBXFileReference; fileEncoding = 4; lastKnownFileType = sourcecode.c.objc; path = RecordTimer.m; sourceTree = "<group>"; };
		FB35E0AC1D21FAA8001F1F55 /* green@2x.png */ = {isa = PBXFileReference; lastKnownFileType = image.png; path = "green@2x.png"; sourceTree = "<group>"; };
		FB35E0AD1D21FAA8001F1F55 /* red@2x.png */ = {isa = PBXFileReference; lastKnownFileType = image.png; path = "red@2x.png"; sourceTree = "<group>"; };
		FB4BAA791D2F6DCD0063E2A7 /* JPSVolumeButtonHandler.h */ = {isa = PBXFileReference; fileEncoding = 4; lastKnownFileType = sourcecode.c.h; path = JPSVolumeButtonHandler.h; sourceTree = "<group>"; };
		FB4BAA7A1D2F6DCD0063E2A7 /* JPSVolumeButtonHandler.m */ = {isa = PBXFileReference; fileEncoding = 4; lastKnownFileType = sourcecode.c.objc; path = JPSVolumeButtonHandler.m; sourceTree = "<group>"; };
		FB6EDDB51D1B4731008410FD /* TPGeocoder.h */ = {isa = PBXFileReference; fileEncoding = 4; lastKnownFileType = sourcecode.c.h; path = TPGeocoder.h; sourceTree = "<group>"; };
		FB6EDDB61D1B4731008410FD /* TPGeocoder.m */ = {isa = PBXFileReference; fileEncoding = 4; lastKnownFileType = sourcecode.c.objc; path = TPGeocoder.m; sourceTree = "<group>"; };
		FB6EDDB81D1B6221008410FD /* send@2x.png */ = {isa = PBXFileReference; lastKnownFileType = image.png; path = "send@2x.png"; sourceTree = "<group>"; };
		FB6EDDC21D1B70E5008410FD /* check@2x.png */ = {isa = PBXFileReference; lastKnownFileType = image.png; path = "check@2x.png"; sourceTree = "<group>"; };
		FB6EDDC61D1B87C7008410FD /* chevron@2x.png */ = {isa = PBXFileReference; lastKnownFileType = image.png; path = "chevron@2x.png"; sourceTree = "<group>"; };
		FB6EDDC81D1B8F09008410FD /* close@2x.png */ = {isa = PBXFileReference; lastKnownFileType = image.png; path = "close@2x.png"; sourceTree = "<group>"; };
		FB6EDDCA1D1B9061008410FD /* x@2x.png */ = {isa = PBXFileReference; lastKnownFileType = image.png; path = "x@2x.png"; sourceTree = "<group>"; };
		FB8705671D07C50C00336D82 /* record@2x.png */ = {isa = PBXFileReference; lastKnownFileType = image.png; path = "record@2x.png"; sourceTree = "<group>"; };
		FBF38E0A1D1092A100F7D881 /* AudioToolbox.framework */ = {isa = PBXFileReference; lastKnownFileType = wrapper.framework; name = AudioToolbox.framework; path = System/Library/Frameworks/AudioToolbox.framework; sourceTree = SDKROOT; };
		FBF38E0B1D1092A100F7D881 /* AVFoundation.framework */ = {isa = PBXFileReference; lastKnownFileType = wrapper.framework; name = AVFoundation.framework; path = System/Library/Frameworks/AVFoundation.framework; sourceTree = SDKROOT; };
		FBF38E0E1D10D00300F7D881 /* PreviewViewController.h */ = {isa = PBXFileReference; fileEncoding = 4; lastKnownFileType = sourcecode.c.h; path = PreviewViewController.h; sourceTree = "<group>"; };
		FBF38E0F1D10D00300F7D881 /* PreviewViewController.m */ = {isa = PBXFileReference; fileEncoding = 4; lastKnownFileType = sourcecode.c.objc; path = PreviewViewController.m; sourceTree = "<group>"; };
/* End PBXFileReference section */

/* Begin PBXFrameworksBuildPhase section */
		FB0D9D4F1D0622D90024CDC4 /* Frameworks */ = {
			isa = PBXFrameworksBuildPhase;
			buildActionMask = 2147483647;
			files = (
				FBF38E0C1D1092A100F7D881 /* AudioToolbox.framework in Frameworks */,
				FBF38E0D1D1092A100F7D881 /* AVFoundation.framework in Frameworks */,
			);
			runOnlyForDeploymentPostprocessing = 0;
		};
/* End PBXFrameworksBuildPhase section */

/* Begin PBXGroup section */
		FB0CB4161D08BB7C00125716 /* IDCaptureSessionAssetWriterCoordinator */ = {
			isa = PBXGroup;
			children = (
				FB0CB4171D08BBBA00125716 /* IDCaptureSessionAssetWriterCoordinator.h */,
				FB0CB4181D08BBBA00125716 /* IDCaptureSessionAssetWriterCoordinator.m */,
				FB0CB4191D08BBBA00125716 /* IDAssetWriterCoordinator.h */,
				FB0CB41A1D08BBBA00125716 /* IDAssetWriterCoordinator.m */,
			);
			name = IDCaptureSessionAssetWriterCoordinator;
			sourceTree = "<group>";
		};
		FB0D9D491D0622D90024CDC4 = {
			isa = PBXGroup;
			children = (
				FBF38E0A1D1092A100F7D881 /* AudioToolbox.framework */,
				FBF38E0B1D1092A100F7D881 /* AVFoundation.framework */,
				FB0D9D541D0622DA0024CDC4 /* Teleport */,
				FB0D9D531D0622DA0024CDC4 /* Products */,
			);
			sourceTree = "<group>";
		};
		FB0D9D531D0622DA0024CDC4 /* Products */ = {
			isa = PBXGroup;
			children = (
				FB0D9D521D0622DA0024CDC4 /* Teleport.app */,
			);
			name = Products;
			sourceTree = "<group>";
		};
		FB0D9D541D0622DA0024CDC4 /* Teleport */ = {
			isa = PBXGroup;
			children = (
				FB4BAA781D2F6DCD0063E2A7 /* JPSVolumeButtonHandler */,
				FB35E0AC1D21FAA8001F1F55 /* green@2x.png */,
				FB35E0AD1D21FAA8001F1F55 /* red@2x.png */,
				FB6EDDCA1D1B9061008410FD /* x@2x.png */,
				FB6EDDC81D1B8F09008410FD /* close@2x.png */,
				FB6EDDC61D1B87C7008410FD /* chevron@2x.png */,
				FB6EDDC21D1B70E5008410FD /* check@2x.png */,
				FB6EDDB81D1B6221008410FD /* send@2x.png */,
				FB0CB4161D08BB7C00125716 /* IDCaptureSessionAssetWriterCoordinator */,
				FB8705671D07C50C00336D82 /* record@2x.png */,
				FB0D9D581D0622DA0024CDC4 /* AppDelegate.h */,
				FB0D9D591D0622DA0024CDC4 /* AppDelegate.m */,
				FB0D9D5B1D0622DA0024CDC4 /* ViewController.h */,
				FB0D9D5C1D0622DA0024CDC4 /* ViewController.m */,
				FBF38E0E1D10D00300F7D881 /* PreviewViewController.h */,
				FBF38E0F1D10D00300F7D881 /* PreviewViewController.m */,
				FB0D9D5E1D0622DA0024CDC4 /* Main.storyboard */,
				FB0D9D611D0622DA0024CDC4 /* Assets.xcassets */,
				FB0D9D631D0622DA0024CDC4 /* LaunchScreen.storyboard */,
				FB0D9D661D0622DA0024CDC4 /* Info.plist */,
				FB0D9D551D0622DA0024CDC4 /* Supporting Files */,
				FB6EDDB51D1B4731008410FD /* TPGeocoder.h */,
				FB6EDDB61D1B4731008410FD /* TPGeocoder.m */,
				FB15009E1D2C635100DB2251 /* RecordTimer.h */,
				FB15009F1D2C635100DB2251 /* RecordTimer.m */,
			);
			path = Teleport;
			sourceTree = "<group>";
		};
		FB0D9D551D0622DA0024CDC4 /* Supporting Files */ = {
			isa = PBXGroup;
			children = (
				FB0D9D561D0622DA0024CDC4 /* main.m */,
			);
			name = "Supporting Files";
			sourceTree = "<group>";
		};
		FB4BAA781D2F6DCD0063E2A7 /* JPSVolumeButtonHandler */ = {
			isa = PBXGroup;
			children = (
				FB4BAA791D2F6DCD0063E2A7 /* JPSVolumeButtonHandler.h */,
				FB4BAA7A1D2F6DCD0063E2A7 /* JPSVolumeButtonHandler.m */,
			);
			path = JPSVolumeButtonHandler;
			sourceTree = "<group>";
		};
/* End PBXGroup section */

/* Begin PBXNativeTarget section */
		FB0D9D511D0622D90024CDC4 /* Teleport */ = {
			isa = PBXNativeTarget;
			buildConfigurationList = FB0D9D691D0622DA0024CDC4 /* Build configuration list for PBXNativeTarget "Teleport" */;
			buildPhases = (
				FB0D9D4E1D0622D90024CDC4 /* Sources */,
				FB0D9D4F1D0622D90024CDC4 /* Frameworks */,
				FB0D9D501D0622D90024CDC4 /* Resources */,
			);
			buildRules = (
			);
			dependencies = (
			);
			name = Teleport;
			productName = Teleport;
			productReference = FB0D9D521D0622DA0024CDC4 /* Teleport.app */;
			productType = "com.apple.product-type.application";
		};
/* End PBXNativeTarget section */

/* Begin PBXProject section */
		FB0D9D4A1D0622D90024CDC4 /* Project object */ = {
			isa = PBXProject;
			attributes = {
				LastUpgradeCheck = 0730;
				ORGANIZATIONNAME = "SportsFeed, LLC";
				TargetAttributes = {
					FB0D9D511D0622D90024CDC4 = {
						CreatedOnToolsVersion = 7.3.1;
					};
				};
			};
			buildConfigurationList = FB0D9D4D1D0622D90024CDC4 /* Build configuration list for PBXProject "Teleport" */;
			compatibilityVersion = "Xcode 3.2";
			developmentRegion = English;
			hasScannedForEncodings = 0;
			knownRegions = (
				en,
				Base,
			);
			mainGroup = FB0D9D491D0622D90024CDC4;
			productRefGroup = FB0D9D531D0622DA0024CDC4 /* Products */;
			projectDirPath = "";
			projectRoot = "";
			targets = (
				FB0D9D511D0622D90024CDC4 /* Teleport */,
			);
		};
/* End PBXProject section */

/* Begin PBXResourcesBuildPhase section */
		FB0D9D501D0622D90024CDC4 /* Resources */ = {
			isa = PBXResourcesBuildPhase;
			buildActionMask = 2147483647;
			files = (
				FB0D9D651D0622DA0024CDC4 /* LaunchScreen.storyboard in Resources */,
				FB8705681D07C50C00336D82 /* record@2x.png in Resources */,
				FB6EDDCB1D1B9061008410FD /* x@2x.png in Resources */,
				FB0D9D621D0622DA0024CDC4 /* Assets.xcassets in Resources */,
				FB0D9D601D0622DA0024CDC4 /* Main.storyboard in Resources */,
				FB6EDDB91D1B6221008410FD /* send@2x.png in Resources */,
				FB35E0AF1D21FAA8001F1F55 /* red@2x.png in Resources */,
				FB35E0AE1D21FAA8001F1F55 /* green@2x.png in Resources */,
				FB6EDDC31D1B70E5008410FD /* check@2x.png in Resources */,
				FB6EDDC71D1B87C7008410FD /* chevron@2x.png in Resources */,
				FB6EDDC91D1B8F09008410FD /* close@2x.png in Resources */,
			);
			runOnlyForDeploymentPostprocessing = 0;
		};
/* End PBXResourcesBuildPhase section */

/* Begin PBXSourcesBuildPhase section */
		FB0D9D4E1D0622D90024CDC4 /* Sources */ = {
			isa = PBXSourcesBuildPhase;
			buildActionMask = 2147483647;
			files = (
				FB1500A01D2C635100DB2251 /* RecordTimer.m in Sources */,
				FB0D9D5D1D0622DA0024CDC4 /* ViewController.m in Sources */,
				FB0CB41D1D08BBBA00125716 /* IDCaptureSessionAssetWriterCoordinator.m in Sources */,
				FB4BAA7B1D2F6DCD0063E2A7 /* JPSVolumeButtonHandler.m in Sources */,
				FB0D9D5A1D0622DA0024CDC4 /* AppDelegate.m in Sources */,
				FB0CB41E1D08BBBA00125716 /* IDAssetWriterCoordinator.m in Sources */,
				FB0D9D571D0622DA0024CDC4 /* main.m in Sources */,
				FB6EDDB71D1B4731008410FD /* TPGeocoder.m in Sources */,
				FBF38E101D10D00300F7D881 /* PreviewViewController.m in Sources */,
			);
			runOnlyForDeploymentPostprocessing = 0;
		};
/* End PBXSourcesBuildPhase section */

/* Begin PBXVariantGroup section */
		FB0D9D5E1D0622DA0024CDC4 /* Main.storyboard */ = {
			isa = PBXVariantGroup;
			children = (
				FB0D9D5F1D0622DA0024CDC4 /* Base */,
			);
			name = Main.storyboard;
			sourceTree = "<group>";
		};
		FB0D9D631D0622DA0024CDC4 /* LaunchScreen.storyboard */ = {
			isa = PBXVariantGroup;
			children = (
				FB0D9D641D0622DA0024CDC4 /* Base */,
			);
			name = LaunchScreen.storyboard;
			sourceTree = "<group>";
		};
/* End PBXVariantGroup section */

/* Begin XCBuildConfiguration section */
		FB0D9D671D0622DA0024CDC4 /* Debug */ = {
			isa = XCBuildConfiguration;
			buildSettings = {
				ALWAYS_SEARCH_USER_PATHS = NO;
				CLANG_ANALYZER_NONNULL = YES;
				CLANG_CXX_LANGUAGE_STANDARD = "gnu++0x";
				CLANG_CXX_LIBRARY = "libc++";
				CLANG_ENABLE_MODULES = YES;
				CLANG_ENABLE_OBJC_ARC = YES;
				CLANG_WARN_BOOL_CONVERSION = YES;
				CLANG_WARN_CONSTANT_CONVERSION = YES;
				CLANG_WARN_DIRECT_OBJC_ISA_USAGE = YES_ERROR;
				CLANG_WARN_EMPTY_BODY = YES;
				CLANG_WARN_ENUM_CONVERSION = YES;
				CLANG_WARN_INT_CONVERSION = YES;
				CLANG_WARN_OBJC_ROOT_CLASS = YES_ERROR;
				CLANG_WARN_UNREACHABLE_CODE = YES;
				CLANG_WARN__DUPLICATE_METHOD_MATCH = YES;
				"CODE_SIGN_IDENTITY[sdk=iphoneos*]" = "iPhone Developer";
				COPY_PHASE_STRIP = NO;
				DEBUG_INFORMATION_FORMAT = dwarf;
				ENABLE_STRICT_OBJC_MSGSEND = YES;
				ENABLE_TESTABILITY = YES;
				GCC_C_LANGUAGE_STANDARD = gnu99;
				GCC_DYNAMIC_NO_PIC = NO;
				GCC_NO_COMMON_BLOCKS = YES;
				GCC_OPTIMIZATION_LEVEL = 0;
				GCC_PREPROCESSOR_DEFINITIONS = (
					"DEBUG=1",
					"$(inherited)",
				);
				GCC_WARN_64_TO_32_BIT_CONVERSION = YES;
				GCC_WARN_ABOUT_RETURN_TYPE = YES_ERROR;
				GCC_WARN_UNDECLARED_SELECTOR = YES;
				GCC_WARN_UNINITIALIZED_AUTOS = YES_AGGRESSIVE;
				GCC_WARN_UNUSED_FUNCTION = YES;
				GCC_WARN_UNUSED_VARIABLE = YES;
				IPHONEOS_DEPLOYMENT_TARGET = 9.3;
				MTL_ENABLE_DEBUG_INFO = YES;
				ONLY_ACTIVE_ARCH = YES;
				SDKROOT = iphoneos;
			};
			name = Debug;
		};
		FB0D9D681D0622DA0024CDC4 /* Release */ = {
			isa = XCBuildConfiguration;
			buildSettings = {
				ALWAYS_SEARCH_USER_PATHS = NO;
				CLANG_ANALYZER_NONNULL = YES;
				CLANG_CXX_LANGUAGE_STANDARD = "gnu++0x";
				CLANG_CXX_LIBRARY = "libc++";
				CLANG_ENABLE_MODULES = YES;
				CLANG_ENABLE_OBJC_ARC = YES;
				CLANG_WARN_BOOL_CONVERSION = YES;
				CLANG_WARN_CONSTANT_CONVERSION = YES;
				CLANG_WARN_DIRECT_OBJC_ISA_USAGE = YES_ERROR;
				CLANG_WARN_EMPTY_BODY = YES;
				CLANG_WARN_ENUM_CONVERSION = YES;
				CLANG_WARN_INT_CONVERSION = YES;
				CLANG_WARN_OBJC_ROOT_CLASS = YES_ERROR;
				CLANG_WARN_UNREACHABLE_CODE = YES;
				CLANG_WARN__DUPLICATE_METHOD_MATCH = YES;
				"CODE_SIGN_IDENTITY[sdk=iphoneos*]" = "iPhone Developer";
				COPY_PHASE_STRIP = NO;
				DEBUG_INFORMATION_FORMAT = "dwarf-with-dsym";
				ENABLE_NS_ASSERTIONS = NO;
				ENABLE_STRICT_OBJC_MSGSEND = YES;
				GCC_C_LANGUAGE_STANDARD = gnu99;
				GCC_NO_COMMON_BLOCKS = YES;
				GCC_WARN_64_TO_32_BIT_CONVERSION = YES;
				GCC_WARN_ABOUT_RETURN_TYPE = YES_ERROR;
				GCC_WARN_UNDECLARED_SELECTOR = YES;
				GCC_WARN_UNINITIALIZED_AUTOS = YES_AGGRESSIVE;
				GCC_WARN_UNUSED_FUNCTION = YES;
				GCC_WARN_UNUSED_VARIABLE = YES;
				IPHONEOS_DEPLOYMENT_TARGET = 9.3;
				MTL_ENABLE_DEBUG_INFO = NO;
				SDKROOT = iphoneos;
				VALIDATE_PRODUCT = YES;
			};
			name = Release;
		};
		FB0D9D6A1D0622DA0024CDC4 /* Debug */ = {
			isa = XCBuildConfiguration;
			buildSettings = {
				ASSETCATALOG_COMPILER_APPICON_NAME = AppIcon;
				INFOPLIST_FILE = Teleport/Info.plist;
				LD_RUNPATH_SEARCH_PATHS = "$(inherited) @executable_path/Frameworks";
				PRODUCT_BUNDLE_IDENTIFIER = com.teleport.Teleport;
				PRODUCT_NAME = "$(TARGET_NAME)";
			};
			name = Debug;
		};
		FB0D9D6B1D0622DA0024CDC4 /* Release */ = {
			isa = XCBuildConfiguration;
			buildSettings = {
				ASSETCATALOG_COMPILER_APPICON_NAME = AppIcon;
				INFOPLIST_FILE = Teleport/Info.plist;
				LD_RUNPATH_SEARCH_PATHS = "$(inherited) @executable_path/Frameworks";
				PRODUCT_BUNDLE_IDENTIFIER = com.teleport.Teleport;
				PRODUCT_NAME = "$(TARGET_NAME)";
			};
			name = Release;
		};
/* End XCBuildConfiguration section */

/* Begin XCConfigurationList section */
		FB0D9D4D1D0622D90024CDC4 /* Build configuration list for PBXProject "Teleport" */ = {
			isa = XCConfigurationList;
			buildConfigurations = (
				FB0D9D671D0622DA0024CDC4 /* Debug */,
				FB0D9D681D0622DA0024CDC4 /* Release */,
			);
			defaultConfigurationIsVisible = 0;
			defaultConfigurationName = Release;
		};
		FB0D9D691D0622DA0024CDC4 /* Build configuration list for PBXNativeTarget "Teleport" */ = {
			isa = XCConfigurationList;
			buildConfigurations = (
				FB0D9D6A1D0622DA0024CDC4 /* Debug */,
				FB0D9D6B1D0622DA0024CDC4 /* Release */,
			);
			defaultConfigurationIsVisible = 0;
			defaultConfigurationName = Release;
		};
/* End XCConfigurationList section */
	};
	rootObject = FB0D9D4A1D0622D90024CDC4 /* Project object */;
}
